// !$*UTF8*$!
{
	archiveVersion = 1;
	classes = {
	};
	objectVersion = 50;
	objects = {

/* Begin PBXBuildFile section */
		BA0A512621770FDE00FD9CB8 /* ARTRichTextController.m in Sources */ = {isa = PBXBuildFile; fileRef = BA0A512521770FDE00FD9CB8 /* ARTRichTextController.m */; };
		BA0BE692219D802300166FD3 /* TZDebugUtil.m in Sources */ = {isa = PBXBuildFile; fileRef = BA53CC03219C538B00AA2F19 /* TZDebugUtil.m */; };
		BA19199421A2A709004D855E /* ARTConfigManager.m in Sources */ = {isa = PBXBuildFile; fileRef = BA19199321A2A708004D855E /* ARTConfigManager.m */; };
		BA1919BF21A2B539004D855E /* KVOController.framework in Frameworks */ = {isa = PBXBuildFile; fileRef = BA1919BA21A2B4E0004D855E /* KVOController.framework */; };
		BA1919C021A2B539004D855E /* KVOController.framework in Embed Frameworks */ = {isa = PBXBuildFile; fileRef = BA1919BA21A2B4E0004D855E /* KVOController.framework */; settings = {ATTRIBUTES = (CodeSignOnCopy, RemoveHeadersOnCopy, ); }; };
		BA2E220D2189DA0700480731 /* RFOverlayScroller.m in Sources */ = {isa = PBXBuildFile; fileRef = BA2E220C2189DA0700480731 /* RFOverlayScroller.m */; };
		BA2E2210218AA82400480731 /* RFOverlayScrollView.m in Sources */ = {isa = PBXBuildFile; fileRef = BA2E220F218AA82400480731 /* RFOverlayScrollView.m */; };
		BA3BE7A721621B7A007AEFEF /* ClassDumpHook.m in Sources */ = {isa = PBXBuildFile; fileRef = BA3BE7A621621B7A007AEFEF /* ClassDumpHook.m */; };
		BA3BE7B021624C1E007AEFEF /* ARTViewController.m in Sources */ = {isa = PBXBuildFile; fileRef = BA3BE7AF21624C1E007AEFEF /* ARTViewController.m */; };
		BA3BE7B321624C6C007AEFEF /* ARTMainViewController.m in Sources */ = {isa = PBXBuildFile; fileRef = BA3BE7B221624C6C007AEFEF /* ARTMainViewController.m */; };
		BA3BE7B921625BBD007AEFEF /* ARTClassTreeViewController.m in Sources */ = {isa = PBXBuildFile; fileRef = BA3BE7B721625BBD007AEFEF /* ARTClassTreeViewController.m */; };
		BA3BE7BD21625BF1007AEFEF /* ARTTextViewController.m in Sources */ = {isa = PBXBuildFile; fileRef = BA3BE7BC21625BF1007AEFEF /* ARTTextViewController.m */; };
		BA3BE7C521632C95007AEFEF /* ARTClassTreeCell.m in Sources */ = {isa = PBXBuildFile; fileRef = BA3BE7C421632C95007AEFEF /* ARTClassTreeCell.m */; };
		BA3BE7C821632CB0007AEFEF /* RTLabel.m in Sources */ = {isa = PBXBuildFile; fileRef = BA3BE7C621632CB0007AEFEF /* RTLabel.m */; };
		BA3BE7CB21634B3B007AEFEF /* ARTControl.m in Sources */ = {isa = PBXBuildFile; fileRef = BA3BE7CA21634B3B007AEFEF /* ARTControl.m */; };
		BA3BE7CE21635425007AEFEF /* NSColor+ART.m in Sources */ = {isa = PBXBuildFile; fileRef = BA3BE7CD21635425007AEFEF /* NSColor+ART.m */; };
		BA3BE80F216459EE007AEFEF /* ARTStrings.m in Sources */ = {isa = PBXBuildFile; fileRef = BA3BE80E216459EE007AEFEF /* ARTStrings.m */; };
		BA3BE8122164C4DA007AEFEF /* ClassDumpExtension.m in Sources */ = {isa = PBXBuildFile; fileRef = BA3BE8112164C4DA007AEFEF /* ClassDumpExtension.m */; };
		BA3BE8142164DA40007AEFEF /* ARTProtocol.m in Sources */ = {isa = PBXBuildFile; fileRef = BA3BE8132164DA40007AEFEF /* ARTProtocol.m */; };
		BA3BE8172164FC7D007AEFEF /* ARTTextViewControllerVisitor.m in Sources */ = {isa = PBXBuildFile; fileRef = BA3BE8162164FC7D007AEFEF /* ARTTextViewControllerVisitor.m */; };
		BA53CBF821998BAC00AA2F19 /* Foundation_Log.m in Sources */ = {isa = PBXBuildFile; fileRef = BA53CBF221998BAC00AA2F19 /* Foundation_Log.m */; };
		BA53CBFB219C10B000AA2F19 /* NSMenu+TZCategory.m in Sources */ = {isa = PBXBuildFile; fileRef = BA53CBFA219C10B000AA2F19 /* NSMenu+TZCategory.m */; };
		BA635C9E215DFBEE0048AB9A /* AppDelegate.m in Sources */ = {isa = PBXBuildFile; fileRef = BA635C9D215DFBEE0048AB9A /* AppDelegate.m */; };
		BA635CA4215DFBEE0048AB9A /* ARTDocument.m in Sources */ = {isa = PBXBuildFile; fileRef = BA635CA3215DFBEE0048AB9A /* ARTDocument.m */; };
		BA635CA6215DFBEF0048AB9A /* Assets.xcassets in Resources */ = {isa = PBXBuildFile; fileRef = BA635CA5215DFBEF0048AB9A /* Assets.xcassets */; };
		BA635CA9215DFBEF0048AB9A /* Main.storyboard in Resources */ = {isa = PBXBuildFile; fileRef = BA635CA7215DFBEF0048AB9A /* Main.storyboard */; };
		BA635CAC215DFBEF0048AB9A /* main.m in Sources */ = {isa = PBXBuildFile; fileRef = BA635CAB215DFBEF0048AB9A /* main.m */; };
		BA635CEC215E02930048AB9A /* ARTSingleInstance.m in Sources */ = {isa = PBXBuildFile; fileRef = BA635CEB215E02930048AB9A /* ARTSingleInstance.m */; };
		BA635CF0215E02D90048AB9A /* ARTController.m in Sources */ = {isa = PBXBuildFile; fileRef = BA635CEF215E02D90048AB9A /* ARTController.m */; };
		BA635CF3215E02E90048AB9A /* ARTDataController.m in Sources */ = {isa = PBXBuildFile; fileRef = BA635CF2215E02E90048AB9A /* ARTDataController.m */; };
		BA635EB3215E09530048AB9A /* CDClassDump.m in Sources */ = {isa = PBXBuildFile; fileRef = BA635EB2215E09530048AB9A /* CDClassDump.m */; };
		BA635EB9215E09C70048AB9A /* CDStructureTable.m in Sources */ = {isa = PBXBuildFile; fileRef = BA635EB4215E09C70048AB9A /* CDStructureTable.m */; };
		BA635EBA215E09C70048AB9A /* CDVisitor.m in Sources */ = {isa = PBXBuildFile; fileRef = BA635EB5215E09C70048AB9A /* CDVisitor.m */; };
		BA635EBB215E09C70048AB9A /* CDSearchPathState.m in Sources */ = {isa = PBXBuildFile; fileRef = BA635EB6215E09C70048AB9A /* CDSearchPathState.m */; };
		BA635EBC215E09C70048AB9A /* CDTypeController.m in Sources */ = {isa = PBXBuildFile; fileRef = BA635EB7215E09C70048AB9A /* CDTypeController.m */; };
		BA635EBD215E09C70048AB9A /* CDStructureInfo.m in Sources */ = {isa = PBXBuildFile; fileRef = BA635EB8215E09C70048AB9A /* CDStructureInfo.m */; };
		BA635EC0215E0A440048AB9A /* libMachObjC.a in Frameworks */ = {isa = PBXBuildFile; fileRef = BA635EA9215E092A0048AB9A /* libMachObjC.a */; };
		BA635EC4215E0F1C0048AB9A /* CRNode.m in Sources */ = {isa = PBXBuildFile; fileRef = BA635EC2215E0F1C0048AB9A /* CRNode.m */; };
		BA635EC9215E25D30048AB9A /* CDClassFrameworkVisitor.m in Sources */ = {isa = PBXBuildFile; fileRef = BA635EC8215E25D30048AB9A /* CDClassFrameworkVisitor.m */; };
		BA635ECC215F1E700048AB9A /* ARTVisitor.m in Sources */ = {isa = PBXBuildFile; fileRef = BA635ECB215F1E700048AB9A /* ARTVisitor.m */; };
		BA6C1AA62166579100ABC059 /* ARTView.m in Sources */ = {isa = PBXBuildFile; fileRef = BA6C1AA52166579100ABC059 /* ARTView.m */; };
		BA6C1AB2216659F600ABC059 /* NSView_TZCategory.m in Sources */ = {isa = PBXBuildFile; fileRef = BA6C1AB1216659F500ABC059 /* NSView_TZCategory.m */; };
		BA8434062168AD13007E55B0 /* ARTURL.m in Sources */ = {isa = PBXBuildFile; fileRef = BA8434052168AD13007E55B0 /* ARTURL.m */; };
		BA856D19216B5AA5009944A3 /* NSAlert+ART.m in Sources */ = {isa = PBXBuildFile; fileRef = BA856D18216B5AA5009944A3 /* NSAlert+ART.m */; };
		BA9CA3BD21901CC000BD7B78 /* AppKitExtension.m in Sources */ = {isa = PBXBuildFile; fileRef = BA9CA3BC21901CC000BD7B78 /* AppKitExtension.m */; };
		BA9F9CDC217760CB003FD6CB /* ARTManager.m in Sources */ = {isa = PBXBuildFile; fileRef = BA9F9CDB217760CB003FD6CB /* ARTManager.m */; };
		BA9F9CE4217760FE003FD6CB /* ARTFontManager.m in Sources */ = {isa = PBXBuildFile; fileRef = BA9F9CE3217760FE003FD6CB /* ARTFontManager.m */; };
		BA9F9CE721776412003FD6CB /* ARTWeakObjectWrapper.m in Sources */ = {isa = PBXBuildFile; fileRef = BA9F9CE621776412003FD6CB /* ARTWeakObjectWrapper.m */; };
		BA9F9CEA21776449003FD6CB /* NSObject+ART.m in Sources */ = {isa = PBXBuildFile; fileRef = BA9F9CE921776449003FD6CB /* NSObject+ART.m */; };
		BAB66BB92171F178004D50E1 /* ARTRelationshipTreeModel.m in Sources */ = {isa = PBXBuildFile; fileRef = BAB66BB82171F178004D50E1 /* ARTRelationshipTreeModel.m */; };
		BACFB3EA2170BCBE004CAD2E /* ARTRelationshipTreeViewController.m in Sources */ = {isa = PBXBuildFile; fileRef = BACFB3E92170BCBE004CAD2E /* ARTRelationshipTreeViewController.m */; };
		BACFB3EE2170BCFA004CAD2E /* ARTRelationshipTreeCell.m in Sources */ = {isa = PBXBuildFile; fileRef = BACFB3ED2170BCFA004CAD2E /* ARTRelationshipTreeCell.m */; };
		BAD5F5F2216C6F69002207CF /* CALayer+ART.m in Sources */ = {isa = PBXBuildFile; fileRef = BAD5F5F1216C6F69002207CF /* CALayer+ART.m */; };
		BAD5F5FA216C85CC002207CF /* ARTButton.m in Sources */ = {isa = PBXBuildFile; fileRef = BAD5F5F9216C85CC002207CF /* ARTButton.m */; };
		BAF2FEBB2160A8150082A508 /* ARTWindowController.m in Sources */ = {isa = PBXBuildFile; fileRef = BAF2FEBA2160A8150082A508 /* ARTWindowController.m */; };
		BAF2FEBF2160A83C0082A508 /* ARTMainWindowController.m in Sources */ = {isa = PBXBuildFile; fileRef = BAF2FEBD2160A83C0082A508 /* ARTMainWindowController.m */; };
		BAF2FEC62160B07B0082A508 /* ARTModel.m in Sources */ = {isa = PBXBuildFile; fileRef = BAF2FEC52160B07B0082A508 /* ARTModel.m */; };
/* End PBXBuildFile section */

/* Begin PBXContainerItemProxy section */
		BA1919B321A2B4E0004D855E /* PBXContainerItemProxy */ = {
			isa = PBXContainerItemProxy;
			containerPortal = BA1919A921A2B4E0004D855E /* FBKVOController.xcodeproj */;
			proxyType = 2;
			remoteGlobalIDString = ECEA60FE18A49C620064AFF4;
			remoteInfo = FBKVOController;
		};
		BA1919B721A2B4E0004D855E /* PBXContainerItemProxy */ = {
			isa = PBXContainerItemProxy;
			containerPortal = BA1919A921A2B4E0004D855E /* FBKVOController.xcodeproj */;
			proxyType = 2;
			remoteGlobalIDString = 81EC40C61CA3620A00BD9226;
			remoteInfo = "FBKVOController-iOS-Dynamic";
		};
		BA1919B921A2B4E0004D855E /* PBXContainerItemProxy */ = {
			isa = PBXContainerItemProxy;
			containerPortal = BA1919A921A2B4E0004D855E /* FBKVOController.xcodeproj */;
			proxyType = 2;
			remoteGlobalIDString = 81EC40F81CA3639C00BD9226;
			remoteInfo = "FBKVOController-OSX-Dynamic";
		};
		BA1919BB21A2B4E0004D855E /* PBXContainerItemProxy */ = {
			isa = PBXContainerItemProxy;
			containerPortal = BA1919A921A2B4E0004D855E /* FBKVOController.xcodeproj */;
			proxyType = 2;
			remoteGlobalIDString = 81BD70C81CA4B57F00FB8E4D;
			remoteInfo = "FBKVOController-tvOS-Dynamic";
		};
		BA1919BD21A2B4E0004D855E /* PBXContainerItemProxy */ = {
			isa = PBXContainerItemProxy;
			containerPortal = BA1919A921A2B4E0004D855E /* FBKVOController.xcodeproj */;
			proxyType = 2;
			remoteGlobalIDString = 81BD70EA1CA4B98D00FB8E4D;
			remoteInfo = "FBKVOController-watchOS-Dynamic";
		};
		BA1919C121A2B539004D855E /* PBXContainerItemProxy */ = {
			isa = PBXContainerItemProxy;
			containerPortal = BA1919A921A2B4E0004D855E /* FBKVOController.xcodeproj */;
			proxyType = 1;
			remoteGlobalIDString = 81EC40F71CA3639C00BD9226;
			remoteInfo = "FBKVOController-OSX-Dynamic";
		};
		BA635EA8215E092A0048AB9A /* PBXContainerItemProxy */ = {
			isa = PBXContainerItemProxy;
			containerPortal = BA635E9F215E092A0048AB9A /* class-dump.xcodeproj */;
			proxyType = 2;
			remoteGlobalIDString = 013D1F1113A5AE5A00BF0A67;
			remoteInfo = MachObjC;
		};
		BA635EAA215E092A0048AB9A /* PBXContainerItemProxy */ = {
			isa = PBXContainerItemProxy;
			containerPortal = BA635E9F215E092A0048AB9A /* class-dump.xcodeproj */;
			proxyType = 2;
			remoteGlobalIDString = 01EB825F13A590D9003EDE60;
			remoteInfo = "class-dump";
		};
		BA635EAC215E092A0048AB9A /* PBXContainerItemProxy */ = {
			isa = PBXContainerItemProxy;
			containerPortal = BA635E9F215E092A0048AB9A /* class-dump.xcodeproj */;
			proxyType = 2;
			remoteGlobalIDString = 013D1EFB13A5A0F100BF0A67;
			remoteInfo = deprotect;
		};
		BA635EAE215E092A0048AB9A /* PBXContainerItemProxy */ = {
			isa = PBXContainerItemProxy;
			containerPortal = BA635E9F215E092A0048AB9A /* class-dump.xcodeproj */;
			proxyType = 2;
			remoteGlobalIDString = 01B02CFF13A5B0DC0047BC53;
			remoteInfo = formatType;
		};
		BA635EB0215E092A0048AB9A /* PBXContainerItemProxy */ = {
			isa = PBXContainerItemProxy;
			containerPortal = BA635E9F215E092A0048AB9A /* class-dump.xcodeproj */;
			proxyType = 2;
			remoteGlobalIDString = 0165B8B11827137D00CC647F;
			remoteInfo = UnitTests;
		};
		BA635EBE215E0A3E0048AB9A /* PBXContainerItemProxy */ = {
			isa = PBXContainerItemProxy;
			containerPortal = BA635E9F215E092A0048AB9A /* class-dump.xcodeproj */;
			proxyType = 1;
			remoteGlobalIDString = 013D1F1013A5AE5A00BF0A67;
			remoteInfo = MachObjC;
		};
/* End PBXContainerItemProxy section */

/* Begin PBXCopyFilesBuildPhase section */
		BA0BE6E6219D976700166FD3 /* Embed Frameworks */ = {
			isa = PBXCopyFilesBuildPhase;
			buildActionMask = 2147483647;
			dstPath = "";
			dstSubfolderSpec = 10;
			files = (
				BA1919C021A2B539004D855E /* KVOController.framework in Embed Frameworks */,
			);
			name = "Embed Frameworks";
			runOnlyForDeploymentPostprocessing = 0;
		};
/* End PBXCopyFilesBuildPhase section */

/* Begin PBXFileReference section */
		BA0A512421770FDE00FD9CB8 /* ARTRichTextController.h */ = {isa = PBXFileReference; fileEncoding = 4; lastKnownFileType = sourcecode.c.h; path = ARTRichTextController.h; sourceTree = "<group>"; };
		BA0A512521770FDE00FD9CB8 /* ARTRichTextController.m */ = {isa = PBXFileReference; fileEncoding = 4; lastKnownFileType = sourcecode.c.objc; path = ARTRichTextController.m; sourceTree = "<group>"; };
		BA0BE68A219D7E1000166FD3 /* fishhook.h */ = {isa = PBXFileReference; fileEncoding = 4; lastKnownFileType = sourcecode.c.h; path = fishhook.h; sourceTree = "<group>"; };
		BA0BE690219D7E1000166FD3 /* fishhook.c */ = {isa = PBXFileReference; fileEncoding = 4; lastKnownFileType = sourcecode.c.c; path = fishhook.c; sourceTree = "<group>"; };
		BA19199221A2A708004D855E /* ARTConfigManager.h */ = {isa = PBXFileReference; lastKnownFileType = sourcecode.c.h; path = ARTConfigManager.h; sourceTree = "<group>"; };
		BA19199321A2A708004D855E /* ARTConfigManager.m */ = {isa = PBXFileReference; lastKnownFileType = sourcecode.c.objc; path = ARTConfigManager.m; sourceTree = "<group>"; };
		BA1919A921A2B4E0004D855E /* FBKVOController.xcodeproj */ = {isa = PBXFileReference; lastKnownFileType = "wrapper.pb-project"; name = FBKVOController.xcodeproj; path = KVOController/FBKVOController.xcodeproj; sourceTree = "<group>"; };
		BA21C91B2161C387008E8F97 /* ARTProtocol.h */ = {isa = PBXFileReference; lastKnownFileType = sourcecode.c.h; path = ARTProtocol.h; sourceTree = "<group>"; };
		BA2E22062189DA0600480731 /* RFOverlayScroller.h */ = {isa = PBXFileReference; fileEncoding = 4; lastKnownFileType = sourcecode.c.h; path = RFOverlayScroller.h; sourceTree = "<group>"; };
		BA2E220C2189DA0700480731 /* RFOverlayScroller.m */ = {isa = PBXFileReference; fileEncoding = 4; lastKnownFileType = sourcecode.c.objc; path = RFOverlayScroller.m; sourceTree = "<group>"; };
		BA2E220E218AA82400480731 /* RFOverlayScrollView.h */ = {isa = PBXFileReference; fileEncoding = 4; lastKnownFileType = sourcecode.c.h; path = RFOverlayScrollView.h; sourceTree = "<group>"; };
		BA2E220F218AA82400480731 /* RFOverlayScrollView.m */ = {isa = PBXFileReference; fileEncoding = 4; lastKnownFileType = sourcecode.c.objc; path = RFOverlayScrollView.m; sourceTree = "<group>"; };
		BA3BE7A521621B7A007AEFEF /* ClassDumpHook.h */ = {isa = PBXFileReference; lastKnownFileType = sourcecode.c.h; path = ClassDumpHook.h; sourceTree = "<group>"; };
		BA3BE7A621621B7A007AEFEF /* ClassDumpHook.m */ = {isa = PBXFileReference; lastKnownFileType = sourcecode.c.objc; path = ClassDumpHook.m; sourceTree = "<group>"; };
		BA3BE7AE21624C1E007AEFEF /* ARTViewController.h */ = {isa = PBXFileReference; lastKnownFileType = sourcecode.c.h; path = ARTViewController.h; sourceTree = "<group>"; };
		BA3BE7AF21624C1E007AEFEF /* ARTViewController.m */ = {isa = PBXFileReference; lastKnownFileType = sourcecode.c.objc; path = ARTViewController.m; sourceTree = "<group>"; };
		BA3BE7B121624C6C007AEFEF /* ARTMainViewController.h */ = {isa = PBXFileReference; lastKnownFileType = sourcecode.c.h; path = ARTMainViewController.h; sourceTree = "<group>"; };
		BA3BE7B221624C6C007AEFEF /* ARTMainViewController.m */ = {isa = PBXFileReference; lastKnownFileType = sourcecode.c.objc; path = ARTMainViewController.m; sourceTree = "<group>"; };
		BA3BE7B621625BBD007AEFEF /* ARTClassTreeViewController.h */ = {isa = PBXFileReference; lastKnownFileType = sourcecode.c.h; path = ARTClassTreeViewController.h; sourceTree = "<group>"; };
		BA3BE7B721625BBD007AEFEF /* ARTClassTreeViewController.m */ = {isa = PBXFileReference; lastKnownFileType = sourcecode.c.objc; path = ARTClassTreeViewController.m; sourceTree = "<group>"; };
		BA3BE7BB21625BF1007AEFEF /* ARTTextViewController.h */ = {isa = PBXFileReference; lastKnownFileType = sourcecode.c.h; path = ARTTextViewController.h; sourceTree = "<group>"; };
		BA3BE7BC21625BF1007AEFEF /* ARTTextViewController.m */ = {isa = PBXFileReference; lastKnownFileType = sourcecode.c.objc; path = ARTTextViewController.m; sourceTree = "<group>"; };
		BA3BE7C321632C95007AEFEF /* ARTClassTreeCell.h */ = {isa = PBXFileReference; lastKnownFileType = sourcecode.c.h; path = ARTClassTreeCell.h; sourceTree = "<group>"; };
		BA3BE7C421632C95007AEFEF /* ARTClassTreeCell.m */ = {isa = PBXFileReference; lastKnownFileType = sourcecode.c.objc; path = ARTClassTreeCell.m; sourceTree = "<group>"; };
		BA3BE7C621632CB0007AEFEF /* RTLabel.m */ = {isa = PBXFileReference; fileEncoding = 4; lastKnownFileType = sourcecode.c.objc; path = RTLabel.m; sourceTree = "<group>"; };
		BA3BE7C721632CB0007AEFEF /* RTLabel.h */ = {isa = PBXFileReference; fileEncoding = 4; lastKnownFileType = sourcecode.c.h; path = RTLabel.h; sourceTree = "<group>"; };
		BA3BE7C921634B3B007AEFEF /* ARTControl.h */ = {isa = PBXFileReference; lastKnownFileType = sourcecode.c.h; path = ARTControl.h; sourceTree = "<group>"; };
		BA3BE7CA21634B3B007AEFEF /* ARTControl.m */ = {isa = PBXFileReference; lastKnownFileType = sourcecode.c.objc; path = ARTControl.m; sourceTree = "<group>"; };
		BA3BE7CC21635425007AEFEF /* NSColor+ART.h */ = {isa = PBXFileReference; lastKnownFileType = sourcecode.c.h; path = "NSColor+ART.h"; sourceTree = "<group>"; };
		BA3BE7CD21635425007AEFEF /* NSColor+ART.m */ = {isa = PBXFileReference; lastKnownFileType = sourcecode.c.objc; path = "NSColor+ART.m"; sourceTree = "<group>"; };
		BA3BE80D216459EE007AEFEF /* ARTStrings.h */ = {isa = PBXFileReference; lastKnownFileType = sourcecode.c.h; path = ARTStrings.h; sourceTree = "<group>"; };
		BA3BE80E216459EE007AEFEF /* ARTStrings.m */ = {isa = PBXFileReference; lastKnownFileType = sourcecode.c.objc; path = ARTStrings.m; sourceTree = "<group>"; };
		BA3BE8102164C4DA007AEFEF /* ClassDumpExtension.h */ = {isa = PBXFileReference; lastKnownFileType = sourcecode.c.h; path = ClassDumpExtension.h; sourceTree = "<group>"; };
		BA3BE8112164C4DA007AEFEF /* ClassDumpExtension.m */ = {isa = PBXFileReference; lastKnownFileType = sourcecode.c.objc; path = ClassDumpExtension.m; sourceTree = "<group>"; };
		BA3BE8132164DA40007AEFEF /* ARTProtocol.m */ = {isa = PBXFileReference; fileEncoding = 4; lastKnownFileType = sourcecode.c.objc; path = ARTProtocol.m; sourceTree = "<group>"; };
		BA3BE8152164FC7D007AEFEF /* ARTTextViewControllerVisitor.h */ = {isa = PBXFileReference; lastKnownFileType = sourcecode.c.h; path = ARTTextViewControllerVisitor.h; sourceTree = "<group>"; };
		BA3BE8162164FC7D007AEFEF /* ARTTextViewControllerVisitor.m */ = {isa = PBXFileReference; lastKnownFileType = sourcecode.c.objc; path = ARTTextViewControllerVisitor.m; sourceTree = "<group>"; };
		BA53CBF221998BAC00AA2F19 /* Foundation_Log.m */ = {isa = PBXFileReference; fileEncoding = 4; lastKnownFileType = sourcecode.c.objc; path = Foundation_Log.m; sourceTree = "<group>"; };
		BA53CBF9219C10B000AA2F19 /* NSMenu+TZCategory.h */ = {isa = PBXFileReference; lastKnownFileType = sourcecode.c.h; path = "NSMenu+TZCategory.h"; sourceTree = "<group>"; };
		BA53CBFA219C10B000AA2F19 /* NSMenu+TZCategory.m */ = {isa = PBXFileReference; lastKnownFileType = sourcecode.c.objc; path = "NSMenu+TZCategory.m"; sourceTree = "<group>"; };
		BA53CC02219C538B00AA2F19 /* TZDebugUtil.h */ = {isa = PBXFileReference; lastKnownFileType = sourcecode.c.h; path = TZDebugUtil.h; sourceTree = "<group>"; };
		BA53CC03219C538B00AA2F19 /* TZDebugUtil.m */ = {isa = PBXFileReference; lastKnownFileType = sourcecode.c.objc; path = TZDebugUtil.m; sourceTree = "<group>"; };
		BA53CC06219D190F00AA2F19 /* ANYMethodLog.m */ = {isa = PBXFileReference; fileEncoding = 4; lastKnownFileType = sourcecode.c.objc; path = ANYMethodLog.m; sourceTree = "<group>"; };
		BA53CC07219D190F00AA2F19 /* ANYMethodLog.h */ = {isa = PBXFileReference; fileEncoding = 4; lastKnownFileType = sourcecode.c.h; path = ANYMethodLog.h; sourceTree = "<group>"; };
		BA635C99215DFBEE0048AB9A /* Rcode.app */ = {isa = PBXFileReference; explicitFileType = wrapper.application; includeInIndex = 0; path = Rcode.app; sourceTree = BUILT_PRODUCTS_DIR; };
		BA635C9C215DFBEE0048AB9A /* AppDelegate.h */ = {isa = PBXFileReference; lastKnownFileType = sourcecode.c.h; path = AppDelegate.h; sourceTree = "<group>"; };
		BA635C9D215DFBEE0048AB9A /* AppDelegate.m */ = {isa = PBXFileReference; lastKnownFileType = sourcecode.c.objc; path = AppDelegate.m; sourceTree = "<group>"; };
		BA635CA2215DFBEE0048AB9A /* ARTDocument.h */ = {isa = PBXFileReference; lastKnownFileType = sourcecode.c.h; path = ARTDocument.h; sourceTree = "<group>"; };
		BA635CA3215DFBEE0048AB9A /* ARTDocument.m */ = {isa = PBXFileReference; lastKnownFileType = sourcecode.c.objc; path = ARTDocument.m; sourceTree = "<group>"; };
		BA635CA5215DFBEF0048AB9A /* Assets.xcassets */ = {isa = PBXFileReference; lastKnownFileType = folder.assetcatalog; path = Assets.xcassets; sourceTree = "<group>"; };
		BA635CA8215DFBEF0048AB9A /* Base */ = {isa = PBXFileReference; lastKnownFileType = file.storyboard; name = Base; path = Base.lproj/Main.storyboard; sourceTree = "<group>"; };
		BA635CAA215DFBEF0048AB9A /* Info.plist */ = {isa = PBXFileReference; lastKnownFileType = text.plist.xml; path = Info.plist; sourceTree = "<group>"; };
		BA635CAB215DFBEF0048AB9A /* main.m */ = {isa = PBXFileReference; lastKnownFileType = sourcecode.c.objc; path = main.m; sourceTree = "<group>"; };
		BA635CAD215DFBEF0048AB9A /* AppleReverseTool.entitlements */ = {isa = PBXFileReference; lastKnownFileType = text.plist.entitlements; path = AppleReverseTool.entitlements; sourceTree = "<group>"; };
		BA635CEA215E02930048AB9A /* ARTSingleInstance.h */ = {isa = PBXFileReference; fileEncoding = 4; lastKnownFileType = sourcecode.c.h; path = ARTSingleInstance.h; sourceTree = "<group>"; };
		BA635CEB215E02930048AB9A /* ARTSingleInstance.m */ = {isa = PBXFileReference; fileEncoding = 4; lastKnownFileType = sourcecode.c.objc; path = ARTSingleInstance.m; sourceTree = "<group>"; };
		BA635CEE215E02D90048AB9A /* ARTController.h */ = {isa = PBXFileReference; lastKnownFileType = sourcecode.c.h; path = ARTController.h; sourceTree = "<group>"; };
		BA635CEF215E02D90048AB9A /* ARTController.m */ = {isa = PBXFileReference; lastKnownFileType = sourcecode.c.objc; path = ARTController.m; sourceTree = "<group>"; };
		BA635CF1215E02E90048AB9A /* ARTDataController.h */ = {isa = PBXFileReference; lastKnownFileType = sourcecode.c.h; path = ARTDataController.h; sourceTree = "<group>"; };
		BA635CF2215E02E90048AB9A /* ARTDataController.m */ = {isa = PBXFileReference; lastKnownFileType = sourcecode.c.objc; path = ARTDataController.m; sourceTree = "<group>"; };
		BA635D13215E07A00048AB9A /* PrefixHeader.pch */ = {isa = PBXFileReference; lastKnownFileType = sourcecode.c.h; path = PrefixHeader.pch; sourceTree = "<group>"; };
		BA635E9F215E092A0048AB9A /* class-dump.xcodeproj */ = {isa = PBXFileReference; lastKnownFileType = "wrapper.pb-project"; name = "class-dump.xcodeproj"; path = "class-dump/class-dump.xcodeproj"; sourceTree = "<group>"; };
		BA635EB2215E09530048AB9A /* CDClassDump.m */ = {isa = PBXFileReference; fileEncoding = 4; lastKnownFileType = sourcecode.c.objc; name = CDClassDump.m; path = "class-dump/Source/CDClassDump.m"; sourceTree = "<group>"; };
		BA635EB4215E09C70048AB9A /* CDStructureTable.m */ = {isa = PBXFileReference; fileEncoding = 4; lastKnownFileType = sourcecode.c.objc; name = CDStructureTable.m; path = "class-dump/Source/CDStructureTable.m"; sourceTree = "<group>"; };
		BA635EB5215E09C70048AB9A /* CDVisitor.m */ = {isa = PBXFileReference; fileEncoding = 4; lastKnownFileType = sourcecode.c.objc; name = CDVisitor.m; path = "class-dump/Source/CDVisitor.m"; sourceTree = "<group>"; };
		BA635EB6215E09C70048AB9A /* CDSearchPathState.m */ = {isa = PBXFileReference; fileEncoding = 4; lastKnownFileType = sourcecode.c.objc; name = CDSearchPathState.m; path = "class-dump/Source/CDSearchPathState.m"; sourceTree = "<group>"; };
		BA635EB7215E09C70048AB9A /* CDTypeController.m */ = {isa = PBXFileReference; fileEncoding = 4; lastKnownFileType = sourcecode.c.objc; name = CDTypeController.m; path = "class-dump/Source/CDTypeController.m"; sourceTree = "<group>"; };
		BA635EB8215E09C70048AB9A /* CDStructureInfo.m */ = {isa = PBXFileReference; fileEncoding = 4; lastKnownFileType = sourcecode.c.objc; name = CDStructureInfo.m; path = "class-dump/Source/CDStructureInfo.m"; sourceTree = "<group>"; };
		BA635EC2215E0F1C0048AB9A /* CRNode.m */ = {isa = PBXFileReference; fileEncoding = 4; lastKnownFileType = sourcecode.c.objc; path = CRNode.m; sourceTree = "<group>"; };
		BA635EC3215E0F1C0048AB9A /* CRNode.h */ = {isa = PBXFileReference; fileEncoding = 4; lastKnownFileType = sourcecode.c.h; path = CRNode.h; sourceTree = "<group>"; };
		BA635EC8215E25D30048AB9A /* CDClassFrameworkVisitor.m */ = {isa = PBXFileReference; fileEncoding = 4; lastKnownFileType = sourcecode.c.objc; name = CDClassFrameworkVisitor.m; path = "class-dump/Source/CDClassFrameworkVisitor.m"; sourceTree = "<group>"; };
		BA635ECA215F1E700048AB9A /* ARTVisitor.h */ = {isa = PBXFileReference; lastKnownFileType = sourcecode.c.h; path = ARTVisitor.h; sourceTree = "<group>"; };
		BA635ECB215F1E700048AB9A /* ARTVisitor.m */ = {isa = PBXFileReference; lastKnownFileType = sourcecode.c.objc; path = ARTVisitor.m; sourceTree = "<group>"; };
		BA6C1AA42166579100ABC059 /* ARTView.h */ = {isa = PBXFileReference; lastKnownFileType = sourcecode.c.h; path = ARTView.h; sourceTree = "<group>"; };
		BA6C1AA52166579100ABC059 /* ARTView.m */ = {isa = PBXFileReference; lastKnownFileType = sourcecode.c.objc; path = ARTView.m; sourceTree = "<group>"; };
		BA6C1AB0216659F500ABC059 /* NSView_TZCategory.h */ = {isa = PBXFileReference; fileEncoding = 4; lastKnownFileType = sourcecode.c.h; path = NSView_TZCategory.h; sourceTree = "<group>"; };
		BA6C1AB1216659F500ABC059 /* NSView_TZCategory.m */ = {isa = PBXFileReference; fileEncoding = 4; lastKnownFileType = sourcecode.c.objc; path = NSView_TZCategory.m; sourceTree = "<group>"; };
		BA8434042168AD13007E55B0 /* ARTURL.h */ = {isa = PBXFileReference; lastKnownFileType = sourcecode.c.h; path = ARTURL.h; sourceTree = "<group>"; };
		BA8434052168AD13007E55B0 /* ARTURL.m */ = {isa = PBXFileReference; lastKnownFileType = sourcecode.c.objc; path = ARTURL.m; sourceTree = "<group>"; };
		BA856D17216B5AA5009944A3 /* NSAlert+ART.h */ = {isa = PBXFileReference; lastKnownFileType = sourcecode.c.h; path = "NSAlert+ART.h"; sourceTree = "<group>"; };
		BA856D18216B5AA5009944A3 /* NSAlert+ART.m */ = {isa = PBXFileReference; lastKnownFileType = sourcecode.c.objc; path = "NSAlert+ART.m"; sourceTree = "<group>"; };
		BA9CA3BC21901CC000BD7B78 /* AppKitExtension.m */ = {isa = PBXFileReference; lastKnownFileType = sourcecode.c.objc; name = AppKitExtension.m; path = AppleReverseTool/Util/AppKitExtension.m; sourceTree = SOURCE_ROOT; };
		BA9F9CDA217760CB003FD6CB /* ARTManager.h */ = {isa = PBXFileReference; lastKnownFileType = sourcecode.c.h; path = ARTManager.h; sourceTree = "<group>"; };
		BA9F9CDB217760CB003FD6CB /* ARTManager.m */ = {isa = PBXFileReference; lastKnownFileType = sourcecode.c.objc; path = ARTManager.m; sourceTree = "<group>"; };
		BA9F9CE2217760FE003FD6CB /* ARTFontManager.h */ = {isa = PBXFileReference; lastKnownFileType = sourcecode.c.h; path = ARTFontManager.h; sourceTree = "<group>"; };
		BA9F9CE3217760FE003FD6CB /* ARTFontManager.m */ = {isa = PBXFileReference; lastKnownFileType = sourcecode.c.objc; path = ARTFontManager.m; sourceTree = "<group>"; };
		BA9F9CE521776412003FD6CB /* ARTWeakObjectWrapper.h */ = {isa = PBXFileReference; lastKnownFileType = sourcecode.c.h; path = ARTWeakObjectWrapper.h; sourceTree = "<group>"; };
		BA9F9CE621776412003FD6CB /* ARTWeakObjectWrapper.m */ = {isa = PBXFileReference; lastKnownFileType = sourcecode.c.objc; path = ARTWeakObjectWrapper.m; sourceTree = "<group>"; };
		BA9F9CE821776449003FD6CB /* NSObject+ART.h */ = {isa = PBXFileReference; lastKnownFileType = sourcecode.c.h; path = "NSObject+ART.h"; sourceTree = "<group>"; };
		BA9F9CE921776449003FD6CB /* NSObject+ART.m */ = {isa = PBXFileReference; lastKnownFileType = sourcecode.c.objc; path = "NSObject+ART.m"; sourceTree = "<group>"; };
		BAB66BB72171F178004D50E1 /* ARTRelationshipTreeModel.h */ = {isa = PBXFileReference; lastKnownFileType = sourcecode.c.h; path = ARTRelationshipTreeModel.h; sourceTree = "<group>"; };
		BAB66BB82171F178004D50E1 /* ARTRelationshipTreeModel.m */ = {isa = PBXFileReference; lastKnownFileType = sourcecode.c.objc; path = ARTRelationshipTreeModel.m; sourceTree = "<group>"; };
		BACFB3E82170BCBE004CAD2E /* ARTRelationshipTreeViewController.h */ = {isa = PBXFileReference; lastKnownFileType = sourcecode.c.h; path = ARTRelationshipTreeViewController.h; sourceTree = "<group>"; };
		BACFB3E92170BCBE004CAD2E /* ARTRelationshipTreeViewController.m */ = {isa = PBXFileReference; lastKnownFileType = sourcecode.c.objc; path = ARTRelationshipTreeViewController.m; sourceTree = "<group>"; };
		BACFB3EC2170BCFA004CAD2E /* ARTRelationshipTreeCell.h */ = {isa = PBXFileReference; lastKnownFileType = sourcecode.c.h; path = ARTRelationshipTreeCell.h; sourceTree = "<group>"; };
		BACFB3ED2170BCFA004CAD2E /* ARTRelationshipTreeCell.m */ = {isa = PBXFileReference; lastKnownFileType = sourcecode.c.objc; path = ARTRelationshipTreeCell.m; sourceTree = "<group>"; };
		BAD5F5F0216C6F69002207CF /* CALayer+ART.h */ = {isa = PBXFileReference; lastKnownFileType = sourcecode.c.h; path = "CALayer+ART.h"; sourceTree = "<group>"; };
		BAD5F5F1216C6F69002207CF /* CALayer+ART.m */ = {isa = PBXFileReference; lastKnownFileType = sourcecode.c.objc; path = "CALayer+ART.m"; sourceTree = "<group>"; };
		BAD5F5F8216C85CC002207CF /* ARTButton.h */ = {isa = PBXFileReference; lastKnownFileType = sourcecode.c.h; path = ARTButton.h; sourceTree = "<group>"; };
		BAD5F5F9216C85CC002207CF /* ARTButton.m */ = {isa = PBXFileReference; lastKnownFileType = sourcecode.c.objc; path = ARTButton.m; sourceTree = "<group>"; };
		BAF2FEB92160A8150082A508 /* ARTWindowController.h */ = {isa = PBXFileReference; lastKnownFileType = sourcecode.c.h; path = ARTWindowController.h; sourceTree = "<group>"; };
		BAF2FEBA2160A8150082A508 /* ARTWindowController.m */ = {isa = PBXFileReference; lastKnownFileType = sourcecode.c.objc; path = ARTWindowController.m; sourceTree = "<group>"; };
		BAF2FEBC2160A83C0082A508 /* ARTMainWindowController.h */ = {isa = PBXFileReference; lastKnownFileType = sourcecode.c.h; path = ARTMainWindowController.h; sourceTree = "<group>"; };
		BAF2FEBD2160A83C0082A508 /* ARTMainWindowController.m */ = {isa = PBXFileReference; lastKnownFileType = sourcecode.c.objc; path = ARTMainWindowController.m; sourceTree = "<group>"; };
		BAF2FEC42160B07B0082A508 /* ARTModel.h */ = {isa = PBXFileReference; lastKnownFileType = sourcecode.c.h; path = ARTModel.h; sourceTree = "<group>"; };
		BAF2FEC52160B07B0082A508 /* ARTModel.m */ = {isa = PBXFileReference; lastKnownFileType = sourcecode.c.objc; path = ARTModel.m; sourceTree = "<group>"; };
		BAF2FEC82160BAC50082A508 /* ARTDefine.h */ = {isa = PBXFileReference; lastKnownFileType = sourcecode.c.h; path = ARTDefine.h; sourceTree = "<group>"; };
/* End PBXFileReference section */

/* Begin PBXFrameworksBuildPhase section */
		BA635C96215DFBEE0048AB9A /* Frameworks */ = {
			isa = PBXFrameworksBuildPhase;
			buildActionMask = 2147483647;
			files = (
				BA635EC0215E0A440048AB9A /* libMachObjC.a in Frameworks */,
				BA1919BF21A2B539004D855E /* KVOController.framework in Frameworks */,
			);
			runOnlyForDeploymentPostprocessing = 0;
		};
/* End PBXFrameworksBuildPhase section */

/* Begin PBXGroup section */
		BA0A511E21770FC800FD9CB8 /* Util */ = {
			isa = PBXGroup;
			children = (
				BA53CC05219D18FB00AA2F19 /* DebugUtil */,
				BA53CBF221998BAC00AA2F19 /* Foundation_Log.m */,
				BA9CA3BC21901CC000BD7B78 /* AppKitExtension.m */,
				BA0A512421770FDE00FD9CB8 /* ARTRichTextController.h */,
				BA0A512521770FDE00FD9CB8 /* ARTRichTextController.m */,
				BA9F9CE2217760FE003FD6CB /* ARTFontManager.h */,
				BA9F9CE3217760FE003FD6CB /* ARTFontManager.m */,
				BA19199221A2A708004D855E /* ARTConfigManager.h */,
				BA19199321A2A708004D855E /* ARTConfigManager.m */,
			);
			path = Util;
			sourceTree = "<group>";
		};
		BA1919A821A2B252004D855E /* OpenSource */ = {
			isa = PBXGroup;
			children = (
				BA1919A921A2B4E0004D855E /* FBKVOController.xcodeproj */,
				BA635E9E215E091C0048AB9A /* class-dump-ref */,
			);
			path = OpenSource;
			sourceTree = "<group>";
		};
		BA1919AA21A2B4E0004D855E /* Products */ = {
			isa = PBXGroup;
			children = (
				BA1919B421A2B4E0004D855E /* libFBKVOController.a */,
				BA1919B821A2B4E0004D855E /* KVOController.framework */,
				BA1919BA21A2B4E0004D855E /* KVOController.framework */,
				BA1919BC21A2B4E0004D855E /* KVOController.framework */,
				BA1919BE21A2B4E0004D855E /* KVOController.framework */,
			);
			name = Products;
			sourceTree = "<group>";
		};
		BA3BE7AD21624BEF007AEFEF /* ViewController */ = {
			isa = PBXGroup;
			children = (
				BA3BE7BF21625F1A007AEFEF /* TextViewController */,
				BA3BE7BE21625EF1007AEFEF /* ClassTreeViewController */,
				BACFB3E72170BC84004CAD2E /* RelationshipTreeViewController */,
				BA3BE7AE21624C1E007AEFEF /* ARTViewController.h */,
				BA3BE7AF21624C1E007AEFEF /* ARTViewController.m */,
				BA3BE7B121624C6C007AEFEF /* ARTMainViewController.h */,
				BA3BE7B221624C6C007AEFEF /* ARTMainViewController.m */,
			);
			path = ViewController;
			sourceTree = "<group>";
		};
		BA3BE7BE21625EF1007AEFEF /* ClassTreeViewController */ = {
			isa = PBXGroup;
			children = (
				BA3BE7C221632C73007AEFEF /* Cell */,
				BA3BE7B621625BBD007AEFEF /* ARTClassTreeViewController.h */,
				BA3BE7B721625BBD007AEFEF /* ARTClassTreeViewController.m */,
			);
			path = ClassTreeViewController;
			sourceTree = "<group>";
		};
		BA3BE7BF21625F1A007AEFEF /* TextViewController */ = {
			isa = PBXGroup;
			children = (
				BA3BE8152164FC7D007AEFEF /* ARTTextViewControllerVisitor.h */,
				BA3BE8162164FC7D007AEFEF /* ARTTextViewControllerVisitor.m */,
				BA3BE7BB21625BF1007AEFEF /* ARTTextViewController.h */,
				BA3BE7BC21625BF1007AEFEF /* ARTTextViewController.m */,
			);
			path = TextViewController;
			sourceTree = "<group>";
		};
		BA3BE7C221632C73007AEFEF /* Cell */ = {
			isa = PBXGroup;
			children = (
				BA3BE7C321632C95007AEFEF /* ARTClassTreeCell.h */,
				BA3BE7C421632C95007AEFEF /* ARTClassTreeCell.m */,
			);
			path = Cell;
			sourceTree = "<group>";
		};
		BA53CC05219D18FB00AA2F19 /* DebugUtil */ = {
			isa = PBXGroup;
			children = (
				BA0BE690219D7E1000166FD3 /* fishhook.c */,
				BA0BE68A219D7E1000166FD3 /* fishhook.h */,
				BA53CC07219D190F00AA2F19 /* ANYMethodLog.h */,
				BA53CC06219D190F00AA2F19 /* ANYMethodLog.m */,
				BA53CC02219C538B00AA2F19 /* TZDebugUtil.h */,
				BA53CC03219C538B00AA2F19 /* TZDebugUtil.m */,
			);
			path = DebugUtil;
			sourceTree = "<group>";
		};
		BA635C90215DFBEE0048AB9A = {
			isa = PBXGroup;
			children = (
				BA1919A821A2B252004D855E /* OpenSource */,
				BA635C9B215DFBEE0048AB9A /* AppleReverseTool */,
				BA635C9A215DFBEE0048AB9A /* Products */,
				BA635CF4215E05E20048AB9A /* Frameworks */,
			);
			sourceTree = "<group>";
		};
		BA635C9A215DFBEE0048AB9A /* Products */ = {
			isa = PBXGroup;
			children = (
				BA635C99215DFBEE0048AB9A /* Rcode.app */,
			);
			name = Products;
			sourceTree = "<group>";
		};
		BA635C9B215DFBEE0048AB9A /* AppleReverseTool */ = {
			isa = PBXGroup;
			children = (
				BA0A511E21770FC800FD9CB8 /* Util */,
				BAB6E5DC216A0F67005BA8C9 /* View */,
				BA635CE9215E02930048AB9A /* Base */,
				BAF2FEC72160BAAE0082A508 /* Common */,
				BA635CED215E02BF0048AB9A /* Data */,
				BAF2FEB22160A7F70082A508 /* Controller */,
				BA635C9C215DFBEE0048AB9A /* AppDelegate.h */,
				BA635C9D215DFBEE0048AB9A /* AppDelegate.m */,
				BA635CA2215DFBEE0048AB9A /* ARTDocument.h */,
				BA635CA3215DFBEE0048AB9A /* ARTDocument.m */,
				BA635CA5215DFBEF0048AB9A /* Assets.xcassets */,
				BA635CA7215DFBEF0048AB9A /* Main.storyboard */,
				BA635CAA215DFBEF0048AB9A /* Info.plist */,
				BA635CAB215DFBEF0048AB9A /* main.m */,
				BA635D13215E07A00048AB9A /* PrefixHeader.pch */,
				BA635CAD215DFBEF0048AB9A /* AppleReverseTool.entitlements */,
			);
			path = AppleReverseTool;
			sourceTree = "<group>";
		};
		BA635CE9215E02930048AB9A /* Base */ = {
			isa = PBXGroup;
			children = (
				BA6C1AAC2166597D00ABC059 /* Categary */,
				BA635CEA215E02930048AB9A /* ARTSingleInstance.h */,
				BA635CEB215E02930048AB9A /* ARTSingleInstance.m */,
				BA9F9CDA217760CB003FD6CB /* ARTManager.h */,
				BA9F9CDB217760CB003FD6CB /* ARTManager.m */,
				BA6C1AA42166579100ABC059 /* ARTView.h */,
				BA6C1AA52166579100ABC059 /* ARTView.m */,
				BA3BE7C921634B3B007AEFEF /* ARTControl.h */,
				BA3BE7CA21634B3B007AEFEF /* ARTControl.m */,
				BAD5F5F8216C85CC002207CF /* ARTButton.h */,
				BAD5F5F9216C85CC002207CF /* ARTButton.m */,
			);
			path = Base;
			sourceTree = "<group>";
		};
		BA635CED215E02BF0048AB9A /* Data */ = {
			isa = PBXGroup;
			children = (
				BAF2FEC32160B0650082A508 /* Model */,
				BA635EC1215E0EC50048AB9A /* ClassRelationship */,
				BA3BE7A521621B7A007AEFEF /* ClassDumpHook.h */,
				BA3BE7A621621B7A007AEFEF /* ClassDumpHook.m */,
				BA3BE8102164C4DA007AEFEF /* ClassDumpExtension.h */,
				BA3BE8112164C4DA007AEFEF /* ClassDumpExtension.m */,
				BA635CEE215E02D90048AB9A /* ARTController.h */,
				BA635CEF215E02D90048AB9A /* ARTController.m */,
				BA635CF1215E02E90048AB9A /* ARTDataController.h */,
				BA635CF2215E02E90048AB9A /* ARTDataController.m */,
				BA635ECA215F1E700048AB9A /* ARTVisitor.h */,
				BA635ECB215F1E700048AB9A /* ARTVisitor.m */,
				BA8434042168AD13007E55B0 /* ARTURL.h */,
				BA8434052168AD13007E55B0 /* ARTURL.m */,
			);
			path = Data;
			sourceTree = "<group>";
		};
		BA635CF4215E05E20048AB9A /* Frameworks */ = {
			isa = PBXGroup;
			children = (
			);
			name = Frameworks;
			sourceTree = "<group>";
		};
		BA635E9E215E091C0048AB9A /* class-dump-ref */ = {
			isa = PBXGroup;
			children = (
				BA635EB6215E09C70048AB9A /* CDSearchPathState.m */,
				BA635EB8215E09C70048AB9A /* CDStructureInfo.m */,
				BA635EB4215E09C70048AB9A /* CDStructureTable.m */,
				BA635EB7215E09C70048AB9A /* CDTypeController.m */,
				BA635EB5215E09C70048AB9A /* CDVisitor.m */,
				BA635EB2215E09530048AB9A /* CDClassDump.m */,
				BA635EC8215E25D30048AB9A /* CDClassFrameworkVisitor.m */,
				BA635E9F215E092A0048AB9A /* class-dump.xcodeproj */,
			);
			name = "class-dump-ref";
			path = ..;
			sourceTree = "<group>";
		};
		BA635EA0215E092A0048AB9A /* Products */ = {
			isa = PBXGroup;
			children = (
				BA635EA9215E092A0048AB9A /* libMachObjC.a */,
				BA635EAB215E092A0048AB9A /* class-dump */,
				BA635EAD215E092A0048AB9A /* deprotect */,
				BA635EAF215E092A0048AB9A /* formatType */,
				BA635EB1215E092A0048AB9A /* UnitTests.xctest */,
			);
			name = Products;
			sourceTree = "<group>";
		};
		BA635EC1215E0EC50048AB9A /* ClassRelationship */ = {
			isa = PBXGroup;
			children = (
				BA635EC3215E0F1C0048AB9A /* CRNode.h */,
				BA635EC2215E0F1C0048AB9A /* CRNode.m */,
			);
			path = ClassRelationship;
			sourceTree = "<group>";
		};
		BA6C1AAC2166597D00ABC059 /* Categary */ = {
			isa = PBXGroup;
			children = (
				BA53CBF9219C10B000AA2F19 /* NSMenu+TZCategory.h */,
				BA53CBFA219C10B000AA2F19 /* NSMenu+TZCategory.m */,
				BA6C1AB0216659F500ABC059 /* NSView_TZCategory.h */,
				BA6C1AB1216659F500ABC059 /* NSView_TZCategory.m */,
				BA3BE7CC21635425007AEFEF /* NSColor+ART.h */,
				BA3BE7CD21635425007AEFEF /* NSColor+ART.m */,
				BA856D17216B5AA5009944A3 /* NSAlert+ART.h */,
				BA856D18216B5AA5009944A3 /* NSAlert+ART.m */,
				BAD5F5F0216C6F69002207CF /* CALayer+ART.h */,
				BAD5F5F1216C6F69002207CF /* CALayer+ART.m */,
				BA9F9CE821776449003FD6CB /* NSObject+ART.h */,
				BA9F9CE921776449003FD6CB /* NSObject+ART.m */,
			);
			path = Categary;
			sourceTree = "<group>";
		};
		BAB66BB62171F162004D50E1 /* Model */ = {
			isa = PBXGroup;
			children = (
				BAB66BB72171F178004D50E1 /* ARTRelationshipTreeModel.h */,
				BAB66BB82171F178004D50E1 /* ARTRelationshipTreeModel.m */,
			);
			path = Model;
			sourceTree = "<group>";
		};
		BAB6E5DC216A0F67005BA8C9 /* View */ = {
			isa = PBXGroup;
			children = (
				BA2E22062189DA0600480731 /* RFOverlayScroller.h */,
				BA2E220C2189DA0700480731 /* RFOverlayScroller.m */,
				BA2E220E218AA82400480731 /* RFOverlayScrollView.h */,
				BA2E220F218AA82400480731 /* RFOverlayScrollView.m */,
				BA3BE7C721632CB0007AEFEF /* RTLabel.h */,
				BA3BE7C621632CB0007AEFEF /* RTLabel.m */,
			);
			path = View;
			sourceTree = "<group>";
		};
		BACFB3E72170BC84004CAD2E /* RelationshipTreeViewController */ = {
			isa = PBXGroup;
			children = (
				BAB66BB62171F162004D50E1 /* Model */,
				BACFB3EB2170BCD6004CAD2E /* Cell */,
				BACFB3E82170BCBE004CAD2E /* ARTRelationshipTreeViewController.h */,
				BACFB3E92170BCBE004CAD2E /* ARTRelationshipTreeViewController.m */,
			);
			path = RelationshipTreeViewController;
			sourceTree = "<group>";
		};
		BACFB3EB2170BCD6004CAD2E /* Cell */ = {
			isa = PBXGroup;
			children = (
				BACFB3EC2170BCFA004CAD2E /* ARTRelationshipTreeCell.h */,
				BACFB3ED2170BCFA004CAD2E /* ARTRelationshipTreeCell.m */,
			);
			path = Cell;
			sourceTree = "<group>";
		};
		BAF2FEB22160A7F70082A508 /* Controller */ = {
			isa = PBXGroup;
			children = (
				BA3BE7AD21624BEF007AEFEF /* ViewController */,
				BAF2FEB32160A7F70082A508 /* WindowController */,
			);
			path = Controller;
			sourceTree = "<group>";
		};
		BAF2FEB32160A7F70082A508 /* WindowController */ = {
			isa = PBXGroup;
			children = (
				BAF2FEB92160A8150082A508 /* ARTWindowController.h */,
				BAF2FEBA2160A8150082A508 /* ARTWindowController.m */,
				BAF2FEBC2160A83C0082A508 /* ARTMainWindowController.h */,
				BAF2FEBD2160A83C0082A508 /* ARTMainWindowController.m */,
			);
			path = WindowController;
			sourceTree = "<group>";
		};
		BAF2FEC32160B0650082A508 /* Model */ = {
			isa = PBXGroup;
			children = (
				BAF2FEC42160B07B0082A508 /* ARTModel.h */,
				BAF2FEC52160B07B0082A508 /* ARTModel.m */,
				BA9F9CE521776412003FD6CB /* ARTWeakObjectWrapper.h */,
				BA9F9CE621776412003FD6CB /* ARTWeakObjectWrapper.m */,
			);
			path = Model;
			sourceTree = "<group>";
		};
		BAF2FEC72160BAAE0082A508 /* Common */ = {
			isa = PBXGroup;
			children = (
				BAF2FEC82160BAC50082A508 /* ARTDefine.h */,
				BA21C91B2161C387008E8F97 /* ARTProtocol.h */,
				BA3BE8132164DA40007AEFEF /* ARTProtocol.m */,
				BA3BE80D216459EE007AEFEF /* ARTStrings.h */,
				BA3BE80E216459EE007AEFEF /* ARTStrings.m */,
			);
			path = Common;
			sourceTree = "<group>";
		};
/* End PBXGroup section */

/* Begin PBXNativeTarget section */
		BA635C98215DFBEE0048AB9A /* Rcode */ = {
			isa = PBXNativeTarget;
			buildConfigurationList = BA635CB0215DFBEF0048AB9A /* Build configuration list for PBXNativeTarget "Rcode" */;
			buildPhases = (
				BA635C95215DFBEE0048AB9A /* Sources */,
				BA635C96215DFBEE0048AB9A /* Frameworks */,
				BA635C97215DFBEE0048AB9A /* Resources */,
				BA0BE6E6219D976700166FD3 /* Embed Frameworks */,
			);
			buildRules = (
			);
			dependencies = (
				BA635EBF215E0A3E0048AB9A /* PBXTargetDependency */,
				BA1919C221A2B539004D855E /* PBXTargetDependency */,
			);
			name = Rcode;
			productName = AppleReverseTool;
			productReference = BA635C99215DFBEE0048AB9A /* Rcode.app */;
			productType = "com.apple.product-type.application";
		};
/* End PBXNativeTarget section */

/* Begin PBXProject section */
		BA635C91215DFBEE0048AB9A /* Project object */ = {
			isa = PBXProject;
			attributes = {
				DefaultBuildSystemTypeForWorkspace = Original;
				LastUpgradeCheck = 1000;
				ORGANIZATIONNAME = TozyZuo;
				TargetAttributes = {
					BA635C98215DFBEE0048AB9A = {
						CreatedOnToolsVersion = 10.0;
						SystemCapabilities = {
							com.apple.Sandbox = {
								enabled = 0;
							};
						};
					};
				};
			};
			buildConfigurationList = BA635C94215DFBEE0048AB9A /* Build configuration list for PBXProject "AppleReverseTool" */;
			compatibilityVersion = "Xcode 9.3";
			developmentRegion = en;
			hasScannedForEncodings = 0;
			knownRegions = (
				en,
				Base,
			);
			mainGroup = BA635C90215DFBEE0048AB9A;
			productRefGroup = BA635C9A215DFBEE0048AB9A /* Products */;
			projectDirPath = "";
			projectReferences = (
				{
					ProductGroup = BA635EA0215E092A0048AB9A /* Products */;
					ProjectRef = BA635E9F215E092A0048AB9A /* class-dump.xcodeproj */;
				},
				{
					ProductGroup = BA1919AA21A2B4E0004D855E /* Products */;
					ProjectRef = BA1919A921A2B4E0004D855E /* FBKVOController.xcodeproj */;
				},
			);
			projectRoot = "";
			targets = (
				BA635C98215DFBEE0048AB9A /* Rcode */,
			);
		};
/* End PBXProject section */

/* Begin PBXReferenceProxy section */
		BA1919B421A2B4E0004D855E /* libFBKVOController.a */ = {
			isa = PBXReferenceProxy;
			fileType = archive.ar;
			path = libFBKVOController.a;
			remoteRef = BA1919B321A2B4E0004D855E /* PBXContainerItemProxy */;
			sourceTree = BUILT_PRODUCTS_DIR;
		};
		BA1919B821A2B4E0004D855E /* KVOController.framework */ = {
			isa = PBXReferenceProxy;
			fileType = wrapper.framework;
			path = KVOController.framework;
			remoteRef = BA1919B721A2B4E0004D855E /* PBXContainerItemProxy */;
			sourceTree = BUILT_PRODUCTS_DIR;
		};
		BA1919BA21A2B4E0004D855E /* KVOController.framework */ = {
			isa = PBXReferenceProxy;
			fileType = wrapper.framework;
			path = KVOController.framework;
			remoteRef = BA1919B921A2B4E0004D855E /* PBXContainerItemProxy */;
			sourceTree = BUILT_PRODUCTS_DIR;
		};
		BA1919BC21A2B4E0004D855E /* KVOController.framework */ = {
			isa = PBXReferenceProxy;
			fileType = wrapper.framework;
			path = KVOController.framework;
			remoteRef = BA1919BB21A2B4E0004D855E /* PBXContainerItemProxy */;
			sourceTree = BUILT_PRODUCTS_DIR;
		};
		BA1919BE21A2B4E0004D855E /* KVOController.framework */ = {
			isa = PBXReferenceProxy;
			fileType = wrapper.framework;
			path = KVOController.framework;
			remoteRef = BA1919BD21A2B4E0004D855E /* PBXContainerItemProxy */;
			sourceTree = BUILT_PRODUCTS_DIR;
		};
		BA635EA9215E092A0048AB9A /* libMachObjC.a */ = {
			isa = PBXReferenceProxy;
			fileType = archive.ar;
			path = libMachObjC.a;
			remoteRef = BA635EA8215E092A0048AB9A /* PBXContainerItemProxy */;
			sourceTree = BUILT_PRODUCTS_DIR;
		};
		BA635EAB215E092A0048AB9A /* class-dump */ = {
			isa = PBXReferenceProxy;
			fileType = "compiled.mach-o.executable";
			path = "class-dump";
			remoteRef = BA635EAA215E092A0048AB9A /* PBXContainerItemProxy */;
			sourceTree = BUILT_PRODUCTS_DIR;
		};
		BA635EAD215E092A0048AB9A /* deprotect */ = {
			isa = PBXReferenceProxy;
			fileType = "compiled.mach-o.executable";
			path = deprotect;
			remoteRef = BA635EAC215E092A0048AB9A /* PBXContainerItemProxy */;
			sourceTree = BUILT_PRODUCTS_DIR;
		};
		BA635EAF215E092A0048AB9A /* formatType */ = {
			isa = PBXReferenceProxy;
			fileType = "compiled.mach-o.executable";
			path = formatType;
			remoteRef = BA635EAE215E092A0048AB9A /* PBXContainerItemProxy */;
			sourceTree = BUILT_PRODUCTS_DIR;
		};
		BA635EB1215E092A0048AB9A /* UnitTests.xctest */ = {
			isa = PBXReferenceProxy;
			fileType = wrapper.cfbundle;
			path = UnitTests.xctest;
			remoteRef = BA635EB0215E092A0048AB9A /* PBXContainerItemProxy */;
			sourceTree = BUILT_PRODUCTS_DIR;
		};
/* End PBXReferenceProxy section */

/* Begin PBXResourcesBuildPhase section */
		BA635C97215DFBEE0048AB9A /* Resources */ = {
			isa = PBXResourcesBuildPhase;
			buildActionMask = 2147483647;
			files = (
				BA635CA6215DFBEF0048AB9A /* Assets.xcassets in Resources */,
				BA635CA9215DFBEF0048AB9A /* Main.storyboard in Resources */,
			);
			runOnlyForDeploymentPostprocessing = 0;
		};
/* End PBXResourcesBuildPhase section */

/* Begin PBXSourcesBuildPhase section */
		BA635C95215DFBEE0048AB9A /* Sources */ = {
			isa = PBXSourcesBuildPhase;
			buildActionMask = 2147483647;
			files = (
				BA2E220D2189DA0700480731 /* RFOverlayScroller.m in Sources */,
				BA635CA4215DFBEE0048AB9A /* ARTDocument.m in Sources */,
				BA9CA3BD21901CC000BD7B78 /* AppKitExtension.m in Sources */,
				BAD5F5F2216C6F69002207CF /* CALayer+ART.m in Sources */,
				BA3BE8142164DA40007AEFEF /* ARTProtocol.m in Sources */,
				BA19199421A2A709004D855E /* ARTConfigManager.m in Sources */,
				BA635EC4215E0F1C0048AB9A /* CRNode.m in Sources */,
				BA635EBC215E09C70048AB9A /* CDTypeController.m in Sources */,
				BA635CAC215DFBEF0048AB9A /* main.m in Sources */,
				BA8434062168AD13007E55B0 /* ARTURL.m in Sources */,
				BA53CBFB219C10B000AA2F19 /* NSMenu+TZCategory.m in Sources */,
				BA635EC9215E25D30048AB9A /* CDClassFrameworkVisitor.m in Sources */,
				BA9F9CE721776412003FD6CB /* ARTWeakObjectWrapper.m in Sources */,
				BA3BE7CE21635425007AEFEF /* NSColor+ART.m in Sources */,
				BA635EB3215E09530048AB9A /* CDClassDump.m in Sources */,
				BAF2FEBB2160A8150082A508 /* ARTWindowController.m in Sources */,
				BA9F9CEA21776449003FD6CB /* NSObject+ART.m in Sources */,
				BAF2FEBF2160A83C0082A508 /* ARTMainWindowController.m in Sources */,
				BA53CBF821998BAC00AA2F19 /* Foundation_Log.m in Sources */,
				BA635CF0215E02D90048AB9A /* ARTController.m in Sources */,
				BAF2FEC62160B07B0082A508 /* ARTModel.m in Sources */,
				BA0BE692219D802300166FD3 /* TZDebugUtil.m in Sources */,
				BA856D19216B5AA5009944A3 /* NSAlert+ART.m in Sources */,
				BA9F9CE4217760FE003FD6CB /* ARTFontManager.m in Sources */,
				BA3BE7B921625BBD007AEFEF /* ARTClassTreeViewController.m in Sources */,
				BA3BE7B321624C6C007AEFEF /* ARTMainViewController.m in Sources */,
				BA635EBD215E09C70048AB9A /* CDStructureInfo.m in Sources */,
				BA635EB9215E09C70048AB9A /* CDStructureTable.m in Sources */,
				BA0A512621770FDE00FD9CB8 /* ARTRichTextController.m in Sources */,
				BA635CF3215E02E90048AB9A /* ARTDataController.m in Sources */,
				BA3BE7C821632CB0007AEFEF /* RTLabel.m in Sources */,
				BA3BE7C521632C95007AEFEF /* ARTClassTreeCell.m in Sources */,
				BA3BE7A721621B7A007AEFEF /* ClassDumpHook.m in Sources */,
				BA3BE7B021624C1E007AEFEF /* ARTViewController.m in Sources */,
				BA9F9CDC217760CB003FD6CB /* ARTManager.m in Sources */,
				BA2E2210218AA82400480731 /* RFOverlayScrollView.m in Sources */,
				BACFB3EE2170BCFA004CAD2E /* ARTRelationshipTreeCell.m in Sources */,
				BA3BE7CB21634B3B007AEFEF /* ARTControl.m in Sources */,
				BA3BE8122164C4DA007AEFEF /* ClassDumpExtension.m in Sources */,
				BA3BE7BD21625BF1007AEFEF /* ARTTextViewController.m in Sources */,
				BA3BE8172164FC7D007AEFEF /* ARTTextViewControllerVisitor.m in Sources */,
				BA3BE80F216459EE007AEFEF /* ARTStrings.m in Sources */,
				BAD5F5FA216C85CC002207CF /* ARTButton.m in Sources */,
				BAB66BB92171F178004D50E1 /* ARTRelationshipTreeModel.m in Sources */,
				BA6C1AA62166579100ABC059 /* ARTView.m in Sources */,
				BA635C9E215DFBEE0048AB9A /* AppDelegate.m in Sources */,
				BA635CEC215E02930048AB9A /* ARTSingleInstance.m in Sources */,
				BA635EBA215E09C70048AB9A /* CDVisitor.m in Sources */,
				BACFB3EA2170BCBE004CAD2E /* ARTRelationshipTreeViewController.m in Sources */,
				BA6C1AB2216659F600ABC059 /* NSView_TZCategory.m in Sources */,
				BA635ECC215F1E700048AB9A /* ARTVisitor.m in Sources */,
				BA635EBB215E09C70048AB9A /* CDSearchPathState.m in Sources */,
			);
			runOnlyForDeploymentPostprocessing = 0;
		};
/* End PBXSourcesBuildPhase section */

/* Begin PBXTargetDependency section */
		BA1919C221A2B539004D855E /* PBXTargetDependency */ = {
			isa = PBXTargetDependency;
			name = "FBKVOController-OSX-Dynamic";
			targetProxy = BA1919C121A2B539004D855E /* PBXContainerItemProxy */;
		};
		BA635EBF215E0A3E0048AB9A /* PBXTargetDependency */ = {
			isa = PBXTargetDependency;
			name = MachObjC;
			targetProxy = BA635EBE215E0A3E0048AB9A /* PBXContainerItemProxy */;
		};
/* End PBXTargetDependency section */

/* Begin PBXVariantGroup section */
		BA635CA7215DFBEF0048AB9A /* Main.storyboard */ = {
			isa = PBXVariantGroup;
			children = (
				BA635CA8215DFBEF0048AB9A /* Base */,
			);
			name = Main.storyboard;
			sourceTree = "<group>";
		};
/* End PBXVariantGroup section */

/* Begin XCBuildConfiguration section */
		BA635CAE215DFBEF0048AB9A /* Debug */ = {
			isa = XCBuildConfiguration;
			buildSettings = {
				ALWAYS_SEARCH_USER_PATHS = NO;
				CLANG_ANALYZER_NONNULL = YES;
				CLANG_ANALYZER_NUMBER_OBJECT_CONVERSION = YES_AGGRESSIVE;
				CLANG_CXX_LANGUAGE_STANDARD = "gnu++14";
				CLANG_CXX_LIBRARY = "libc++";
				CLANG_ENABLE_MODULES = YES;
				CLANG_ENABLE_OBJC_ARC = YES;
				CLANG_ENABLE_OBJC_WEAK = YES;
				CLANG_WARN_BLOCK_CAPTURE_AUTORELEASING = YES;
				CLANG_WARN_BOOL_CONVERSION = YES;
				CLANG_WARN_COMMA = YES;
				CLANG_WARN_CONSTANT_CONVERSION = YES;
				CLANG_WARN_DEPRECATED_OBJC_IMPLEMENTATIONS = YES;
				CLANG_WARN_DIRECT_OBJC_ISA_USAGE = YES_ERROR;
				CLANG_WARN_DOCUMENTATION_COMMENTS = YES;
				CLANG_WARN_EMPTY_BODY = YES;
				CLANG_WARN_ENUM_CONVERSION = YES;
				CLANG_WARN_INFINITE_RECURSION = YES;
				CLANG_WARN_INT_CONVERSION = YES;
				CLANG_WARN_NON_LITERAL_NULL_CONVERSION = YES;
				CLANG_WARN_OBJC_IMPLICIT_RETAIN_SELF = YES;
				CLANG_WARN_OBJC_LITERAL_CONVERSION = YES;
				CLANG_WARN_OBJC_ROOT_CLASS = YES_ERROR;
				CLANG_WARN_RANGE_LOOP_ANALYSIS = YES;
				CLANG_WARN_STRICT_PROTOTYPES = YES;
				CLANG_WARN_SUSPICIOUS_MOVE = YES;
				CLANG_WARN_UNGUARDED_AVAILABILITY = YES_AGGRESSIVE;
				CLANG_WARN_UNREACHABLE_CODE = YES;
				CLANG_WARN__DUPLICATE_METHOD_MATCH = YES;
				CODE_SIGN_IDENTITY = "Mac Developer";
				COPY_PHASE_STRIP = NO;
				DEBUG_INFORMATION_FORMAT = dwarf;
				ENABLE_STRICT_OBJC_MSGSEND = YES;
				ENABLE_TESTABILITY = YES;
				GCC_C_LANGUAGE_STANDARD = gnu11;
				GCC_DYNAMIC_NO_PIC = NO;
				GCC_NO_COMMON_BLOCKS = YES;
				GCC_OPTIMIZATION_LEVEL = 0;
				GCC_PREPROCESSOR_DEFINITIONS = (
					"DEBUG=1",
					"$(inherited)",
				);
				GCC_WARN_64_TO_32_BIT_CONVERSION = YES;
				GCC_WARN_ABOUT_RETURN_TYPE = YES_ERROR;
				GCC_WARN_UNDECLARED_SELECTOR = YES;
				GCC_WARN_UNINITIALIZED_AUTOS = YES_AGGRESSIVE;
				GCC_WARN_UNUSED_FUNCTION = YES;
				GCC_WARN_UNUSED_VARIABLE = YES;
				MACOSX_DEPLOYMENT_TARGET = 10.13;
				MTL_ENABLE_DEBUG_INFO = INCLUDE_SOURCE;
				MTL_FAST_MATH = YES;
				ONLY_ACTIVE_ARCH = YES;
				SDKROOT = macosx;
			};
			name = Debug;
		};
		BA635CAF215DFBEF0048AB9A /* Release */ = {
			isa = XCBuildConfiguration;
			buildSettings = {
				ALWAYS_SEARCH_USER_PATHS = NO;
				CLANG_ANALYZER_NONNULL = YES;
				CLANG_ANALYZER_NUMBER_OBJECT_CONVERSION = YES_AGGRESSIVE;
				CLANG_CXX_LANGUAGE_STANDARD = "gnu++14";
				CLANG_CXX_LIBRARY = "libc++";
				CLANG_ENABLE_MODULES = YES;
				CLANG_ENABLE_OBJC_ARC = YES;
				CLANG_ENABLE_OBJC_WEAK = YES;
				CLANG_WARN_BLOCK_CAPTURE_AUTORELEASING = YES;
				CLANG_WARN_BOOL_CONVERSION = YES;
				CLANG_WARN_COMMA = YES;
				CLANG_WARN_CONSTANT_CONVERSION = YES;
				CLANG_WARN_DEPRECATED_OBJC_IMPLEMENTATIONS = YES;
				CLANG_WARN_DIRECT_OBJC_ISA_USAGE = YES_ERROR;
				CLANG_WARN_DOCUMENTATION_COMMENTS = YES;
				CLANG_WARN_EMPTY_BODY = YES;
				CLANG_WARN_ENUM_CONVERSION = YES;
				CLANG_WARN_INFINITE_RECURSION = YES;
				CLANG_WARN_INT_CONVERSION = YES;
				CLANG_WARN_NON_LITERAL_NULL_CONVERSION = YES;
				CLANG_WARN_OBJC_IMPLICIT_RETAIN_SELF = YES;
				CLANG_WARN_OBJC_LITERAL_CONVERSION = YES;
				CLANG_WARN_OBJC_ROOT_CLASS = YES_ERROR;
				CLANG_WARN_RANGE_LOOP_ANALYSIS = YES;
				CLANG_WARN_STRICT_PROTOTYPES = YES;
				CLANG_WARN_SUSPICIOUS_MOVE = YES;
				CLANG_WARN_UNGUARDED_AVAILABILITY = YES_AGGRESSIVE;
				CLANG_WARN_UNREACHABLE_CODE = YES;
				CLANG_WARN__DUPLICATE_METHOD_MATCH = YES;
				CODE_SIGN_IDENTITY = "Mac Developer";
				COPY_PHASE_STRIP = NO;
				DEBUG_INFORMATION_FORMAT = "dwarf-with-dsym";
				ENABLE_NS_ASSERTIONS = NO;
				ENABLE_STRICT_OBJC_MSGSEND = YES;
				GCC_C_LANGUAGE_STANDARD = gnu11;
				GCC_NO_COMMON_BLOCKS = YES;
				GCC_WARN_64_TO_32_BIT_CONVERSION = YES;
				GCC_WARN_ABOUT_RETURN_TYPE = YES_ERROR;
				GCC_WARN_UNDECLARED_SELECTOR = YES;
				GCC_WARN_UNINITIALIZED_AUTOS = YES_AGGRESSIVE;
				GCC_WARN_UNUSED_FUNCTION = YES;
				GCC_WARN_UNUSED_VARIABLE = YES;
				MACOSX_DEPLOYMENT_TARGET = 10.13;
				MTL_ENABLE_DEBUG_INFO = NO;
				MTL_FAST_MATH = YES;
				SDKROOT = macosx;
			};
			name = Release;
		};
		BA635CB1215DFBEF0048AB9A /* Debug */ = {
			isa = XCBuildConfiguration;
			buildSettings = {
				ASSETCATALOG_COMPILER_APPICON_NAME = AppIcon;
				CODE_SIGN_STYLE = Automatic;
				COMBINE_HIDPI_IMAGES = YES;
				DEVELOPMENT_TEAM = H6D9Z3495Q;
				FRAMEWORK_SEARCH_PATHS = "";
				GCC_PRECOMPILE_PREFIX_HEADER = YES;
				GCC_PREFIX_HEADER = AppleReverseTool/PrefixHeader.pch;
				HEADER_SEARCH_PATHS = "";
				INFOPLIST_FILE = AppleReverseTool/Info.plist;
				LD_RUNPATH_SEARCH_PATHS = (
					"$(inherited)",
					"@executable_path/../Frameworks",
				);
				OTHER_LDFLAGS = "-ObjC";
				PRODUCT_BUNDLE_IDENTIFIER = com.tozy.AppleReverseTool;
				PRODUCT_NAME = "$(TARGET_NAME)";
				USER_HEADER_SEARCH_PATHS = "$(SRCROOT)/class-dump/Source/**";
			};
			name = Debug;
		};
		BA635CB2215DFBEF0048AB9A /* Release */ = {
			isa = XCBuildConfiguration;
			buildSettings = {
				ASSETCATALOG_COMPILER_APPICON_NAME = AppIcon;
				CODE_SIGN_STYLE = Automatic;
				COMBINE_HIDPI_IMAGES = YES;
				DEVELOPMENT_TEAM = H6D9Z3495Q;
				FRAMEWORK_SEARCH_PATHS = "";
				GCC_PRECOMPILE_PREFIX_HEADER = YES;
				GCC_PREFIX_HEADER = AppleReverseTool/PrefixHeader.pch;
				HEADER_SEARCH_PATHS = "";
				INFOPLIST_FILE = AppleReverseTool/Info.plist;
				LD_RUNPATH_SEARCH_PATHS = (
					"$(inherited)",
					"@executable_path/../Frameworks",
				);
				OTHER_LDFLAGS = "-ObjC";
				PRODUCT_BUNDLE_IDENTIFIER = com.tozy.AppleReverseTool;
				PRODUCT_NAME = "$(TARGET_NAME)";
				USER_HEADER_SEARCH_PATHS = "$(SRCROOT)/class-dump/Source/**";
			};
			name = Release;
		};
/* End XCBuildConfiguration section */

/* Begin XCConfigurationList section */
		BA635C94215DFBEE0048AB9A /* Build configuration list for PBXProject "AppleReverseTool" */ = {
			isa = XCConfigurationList;
			buildConfigurations = (
				BA635CAE215DFBEF0048AB9A /* Debug */,
				BA635CAF215DFBEF0048AB9A /* Release */,
			);
			defaultConfigurationIsVisible = 0;
			defaultConfigurationName = Release;
		};
		BA635CB0215DFBEF0048AB9A /* Build configuration list for PBXNativeTarget "Rcode" */ = {
			isa = XCConfigurationList;
			buildConfigurations = (
				BA635CB1215DFBEF0048AB9A /* Debug */,
				BA635CB2215DFBEF0048AB9A /* Release */,
			);
			defaultConfigurationIsVisible = 0;
			defaultConfigurationName = Release;
		};
/* End XCConfigurationList section */
	};
	rootObject = BA635C91215DFBEE0048AB9A /* Project object */;
}
